Microsoft Visual Studio Solution File, Format Version 11.00
# Visual Studio 2008

Project("{E5DC62B9-C2B0-DE6F-5639-241740939A48}") = "CardComplex", "Assembly-CSharp.csproj", "{411229B3-2971-576D-639D-1620B166D8B0}"
EndProject
Global
	GlobalSection(SolutionConfigurationPlatforms) = preSolution
		Debug|Any CPU = Debug|Any CPU
		Release|Any CPU = Release|Any CPU
	EndGlobalSection
	GlobalSection(ProjectConfigurationPlatforms) = postSolution
		{411229B3-2971-576D-639D-1620B166D8B0}.Debug|Any CPU.ActiveCfg = Debug|Any CPU
		{411229B3-2971-576D-639D-1620B166D8B0}.Debug|Any CPU.Build.0 = Debug|Any CPU
		{411229B3-2971-576D-639D-1620B166D8B0}.Release|Any CPU.ActiveCfg = Release|Any CPU
		{411229B3-2971-576D-639D-1620B166D8B0}.Release|Any CPU.Build.0 = Release|Any CPU
	EndGlobalSection
	GlobalSection(SolutionProperties) = preSolution
		HideSolutionNode = FALSE
	EndGlobalSection
	GlobalSection(MonoDevelopProperties) = preSolution
		StartupItem = Assembly-CSharp.csproj
	EndGlobalSection
EndGlobal
