Microsoft Visual Studio Solution File, Format Version 11.00
# Visual Studio 2008

Project("{28E7F83C-A56C-CE84-EEC3-6C1A63E75755}") = "Cards In Hands", "Assembly-CSharp.csproj", "{DD1258CF-A2D3-BC85-CB0E-5A17E615ED9C}"
EndProject
Global
	GlobalSection(SolutionConfigurationPlatforms) = preSolution
		Debug|Any CPU = Debug|Any CPU
		Release|Any CPU = Release|Any CPU
	EndGlobalSection
	GlobalSection(ProjectConfigurationPlatforms) = postSolution
		{DD1258CF-A2D3-BC85-CB0E-5A17E615ED9C}.Debug|Any CPU.ActiveCfg = Debug|Any CPU
		{DD1258CF-A2D3-BC85-CB0E-5A17E615ED9C}.Debug|Any CPU.Build.0 = Debug|Any CPU
		{DD1258CF-A2D3-BC85-CB0E-5A17E615ED9C}.Release|Any CPU.ActiveCfg = Release|Any CPU
		{DD1258CF-A2D3-BC85-CB0E-5A17E615ED9C}.Release|Any CPU.Build.0 = Release|Any CPU
	EndGlobalSection
	GlobalSection(SolutionProperties) = preSolution
		HideSolutionNode = FALSE
	EndGlobalSection
	GlobalSection(MonoDevelopProperties) = preSolution
		StartupItem = Assembly-CSharp.csproj
	EndGlobalSection
EndGlobal
