Microsoft Visual Studio Solution File, Format Version 11.00
# Visual Studio 2008

Project("{F7B0B677-F96B-25E5-5548-43E6CF095E5F}") = "Jun05", "Assembly-CSharp.csproj", "{EA13034C-AD6B-6C0F-2524-68C29D5B024A}"
EndProject
Global
	GlobalSection(SolutionConfigurationPlatforms) = preSolution
		Debug|Any CPU = Debug|Any CPU
		Release|Any CPU = Release|Any CPU
	EndGlobalSection
	GlobalSection(ProjectConfigurationPlatforms) = postSolution
		{EA13034C-AD6B-6C0F-2524-68C29D5B024A}.Debug|Any CPU.ActiveCfg = Debug|Any CPU
		{EA13034C-AD6B-6C0F-2524-68C29D5B024A}.Debug|Any CPU.Build.0 = Debug|Any CPU
		{EA13034C-AD6B-6C0F-2524-68C29D5B024A}.Release|Any CPU.ActiveCfg = Release|Any CPU
		{EA13034C-AD6B-6C0F-2524-68C29D5B024A}.Release|Any CPU.Build.0 = Release|Any CPU
	EndGlobalSection
	GlobalSection(SolutionProperties) = preSolution
		HideSolutionNode = FALSE
	EndGlobalSection
	GlobalSection(MonoDevelopProperties) = preSolution
		StartupItem = Assembly-CSharp.csproj
	EndGlobalSection
EndGlobal
